
Microsoft Visual Studio Solution File, Format Version 12.00
# Visual Studio 15
VisualStudioVersion = 15.0.28307.757
MinimumVisualStudioVersion = 10.0.40219.1
Project("{FAE04EC0-301F-11D3-BF4B-00C04F79EFBC}") = "KeyPad", "KeyPad\KeyPad.csproj", "{3ADBFF38-915C-4115-9CDD-81C0CAD9733A}"
EndProject
Project("{FAE04EC0-301F-11D3-BF4B-00C04F79EFBC}") = "TestKeypad", "TestKeypad\TestKeypad.csproj", "{2302659E-071F-4525-9D8F-C16AE000B201}"
EndProject
Global
	GlobalSection(SolutionConfigurationPlatforms) = preSolution
		Debug|Any CPU = Debug|Any CPU
		Debug|x64 = Debug|x64
		Release|Any CPU = Release|Any CPU
		Release|x64 = Release|x64
	EndGlobalSection
	GlobalSection(ProjectConfigurationPlatforms) = postSolution
		{3ADBFF38-915C-4115-9CDD-81C0CAD9733A}.Debug|Any CPU.ActiveCfg = Debug|x64
		{3ADBFF38-915C-4115-9CDD-81C0CAD9733A}.Debug|x64.ActiveCfg = Debug|x64
		{3ADBFF38-915C-4115-9CDD-81C0CAD9733A}.Debug|x64.Build.0 = Debug|x64
		{3ADBFF38-915C-4115-9CDD-81C0CAD9733A}.Release|Any CPU.ActiveCfg = Release|x64
		{3ADBFF38-915C-4115-9CDD-81C0CAD9733A}.Release|Any CPU.Build.0 = Release|x64
		{3ADBFF38-915C-4115-9CDD-81C0CAD9733A}.Release|x64.ActiveCfg = Release|x64
		{3ADBFF38-915C-4115-9CDD-81C0CAD9733A}.Release|x64.Build.0 = Release|x64
		{2302659E-071F-4525-9D8F-C16AE000B201}.Debug|Any CPU.ActiveCfg = Debug|x64
		{2302659E-071F-4525-9D8F-C16AE000B201}.Debug|x64.ActiveCfg = Debug|x64
		{2302659E-071F-4525-9D8F-C16AE000B201}.Debug|x64.Build.0 = Debug|x64
		{2302659E-071F-4525-9D8F-C16AE000B201}.Release|Any CPU.ActiveCfg = Release|x64
		{2302659E-071F-4525-9D8F-C16AE000B201}.Release|x64.ActiveCfg = Release|x64
		{2302659E-071F-4525-9D8F-C16AE000B201}.Release|x64.Build.0 = Release|x64
	EndGlobalSection
	GlobalSection(SolutionProperties) = preSolution
		HideSolutionNode = FALSE
	EndGlobalSection
	GlobalSection(ExtensibilityGlobals) = postSolution
		SolutionGuid = {00663952-623D-4E09-AB48-127ED0D1BE7F}
	EndGlobalSection
EndGlobal
